
Microsoft Visual Studio Solution File, Format Version 12.00
# Visual Studio Version 17
VisualStudioVersion = 17.3.32825.248
MinimumVisualStudioVersion = 10.0.40219.1
Project("{FAE04EC0-301F-11D3-BF4B-00C04F79EFBC}") = "09_02hw", "09_02hw\09_02hw.csproj", "{D6E09ADE-A880-487B-8EBF-A4C5617EEA18}"
EndProject
Global
	GlobalSection(SolutionConfigurationPlatforms) = preSolution
		Debug|Any CPU = Debug|Any CPU
		Release|Any CPU = Release|Any CPU
	EndGlobalSection
	GlobalSection(ProjectConfigurationPlatforms) = postSolution
		{D6E09ADE-A880-487B-8EBF-A4C5617EEA18}.Debug|Any CPU.ActiveCfg = Debug|Any CPU
		{D6E09ADE-A880-487B-8EBF-A4C5617EEA18}.Debug|Any CPU.Build.0 = Debug|Any CPU
		{D6E09ADE-A880-487B-8EBF-A4C5617EEA18}.Release|Any CPU.ActiveCfg = Release|Any CPU
		{D6E09ADE-A880-487B-8EBF-A4C5617EEA18}.Release|Any CPU.Build.0 = Release|Any CPU
	EndGlobalSection
	GlobalSection(SolutionProperties) = preSolution
		HideSolutionNode = FALSE
	EndGlobalSection
	GlobalSection(ExtensibilityGlobals) = postSolution
		SolutionGuid = {AB7E7722-3166-489B-A20B-C4D92356C4F3}
	EndGlobalSection
EndGlobal
